
Microsoft Visual Studio Solution File, Format Version 12.00
# Visual Studio Version 17
VisualStudioVersion = 17.5.33424.131
MinimumVisualStudioVersion = 10.0.40219.1
Project("{FAE04EC0-301F-11D3-BF4B-00C04F79EFBC}") = "Desafio1", "Desafio1\Desafio1.csproj", "{BD20C276-5F84-4C2A-AF5F-CFF8F4384E7C}"
EndProject
Global
	GlobalSection(SolutionConfigurationPlatforms) = preSolution
		Debug|Any CPU = Debug|Any CPU
		Release|Any CPU = Release|Any CPU
	EndGlobalSection
	GlobalSection(ProjectConfigurationPlatforms) = postSolution
		{BD20C276-5F84-4C2A-AF5F-CFF8F4384E7C}.Debug|Any CPU.ActiveCfg = Debug|Any CPU
		{BD20C276-5F84-4C2A-AF5F-CFF8F4384E7C}.Debug|Any CPU.Build.0 = Debug|Any CPU
		{BD20C276-5F84-4C2A-AF5F-CFF8F4384E7C}.Release|Any CPU.ActiveCfg = Release|Any CPU
		{BD20C276-5F84-4C2A-AF5F-CFF8F4384E7C}.Release|Any CPU.Build.0 = Release|Any CPU
	EndGlobalSection
	GlobalSection(SolutionProperties) = preSolution
		HideSolutionNode = FALSE
	EndGlobalSection
	GlobalSection(ExtensibilityGlobals) = postSolution
		SolutionGuid = {44FF9F22-0426-4118-9A19-BE7CFBA601A8}
	EndGlobalSection
EndGlobal
